// !$*UTF8*$!
{
	archiveVersion = 1;
	classes = {
	};
	objectVersion = 46;
	objects = {

/* Begin PBXBuildFile section */
		C54E4D801E0F847F005DF00A /* AppDelegate.swift in Sources */ = {isa = PBXBuildFile; fileRef = C54E4D7F1E0F847F005DF00A /* AppDelegate.swift */; };
		C54E4D851E0F847F005DF00A /* Main.storyboard in Resources */ = {isa = PBXBuildFile; fileRef = C54E4D831E0F847F005DF00A /* Main.storyboard */; };
		C54E4D881E0F847F005DF00A /* DreamScape.xcdatamodeld in Sources */ = {isa = PBXBuildFile; fileRef = C54E4D861E0F847F005DF00A /* DreamScape.xcdatamodeld */; };
		C54E4D8A1E0F847F005DF00A /* Assets.xcassets in Resources */ = {isa = PBXBuildFile; fileRef = C54E4D891E0F847F005DF00A /* Assets.xcassets */; };
		C54E4D8D1E0F847F005DF00A /* LaunchScreen.storyboard in Resources */ = {isa = PBXBuildFile; fileRef = C54E4D8B1E0F847F005DF00A /* LaunchScreen.storyboard */; };
		C54E4D961E0F8AA5005DF00A /* SceneKit.framework in Frameworks */ = {isa = PBXBuildFile; fileRef = C54E4D951E0F8AA5005DF00A /* SceneKit.framework */; };
		C54E4D991E0F8C88005DF00A /* ShapeCreatorViewController.swift in Sources */ = {isa = PBXBuildFile; fileRef = C54E4D981E0F8C88005DF00A /* ShapeCreatorViewController.swift */; };
		C54E4D9B1E0F9228005DF00A /* SideSelectorScene.swift in Sources */ = {isa = PBXBuildFile; fileRef = C54E4D9A1E0F9228005DF00A /* SideSelectorScene.swift */; };
		C54E4D9D1E0FAABE005DF00A /* CubeAnnotationsModel.swift in Sources */ = {isa = PBXBuildFile; fileRef = C54E4D9C1E0FAABE005DF00A /* CubeAnnotationsModel.swift */; };
		C54E4D9F1E0FBF48005DF00A /* CanvasEditorViewController.swift in Sources */ = {isa = PBXBuildFile; fileRef = C54E4D9E1E0FBF48005DF00A /* CanvasEditorViewController.swift */; };
		C54E4DA11E1068BD005DF00A /* CanvasView.swift in Sources */ = {isa = PBXBuildFile; fileRef = C54E4DA01E1068BD005DF00A /* CanvasView.swift */; };
		C55892091E11CF340041D88A /* FinderViewController.swift in Sources */ = {isa = PBXBuildFile; fileRef = C55892081E11CF340041D88A /* FinderViewController.swift */; };
		C558920B1E11CF450041D88A /* DiscoveryLensViewController.swift in Sources */ = {isa = PBXBuildFile; fileRef = C558920A1E11CF450041D88A /* DiscoveryLensViewController.swift */; };
		C558920D1E11EDEF0041D88A /* TabBarViewController.swift in Sources */ = {isa = PBXBuildFile; fileRef = C558920C1E11EDEF0041D88A /* TabBarViewController.swift */; };
/* End PBXBuildFile section */

/* Begin PBXFileReference section */
		C54E4D7C1E0F847F005DF00A /* DreamScape.app */ = {isa = PBXFileReference; explicitFileType = wrapper.application; includeInIndex = 0; path = DreamScape.app; sourceTree = BUILT_PRODUCTS_DIR; };
		C54E4D7F1E0F847F005DF00A /* AppDelegate.swift */ = {isa = PBXFileReference; lastKnownFileType = sourcecode.swift; path = AppDelegate.swift; sourceTree = "<group>"; };
		C54E4D841E0F847F005DF00A /* Base */ = {isa = PBXFileReference; lastKnownFileType = file.storyboard; name = Base; path = Base.lproj/Main.storyboard; sourceTree = "<group>"; };
		C54E4D871E0F847F005DF00A /* DreamScape.xcdatamodel */ = {isa = PBXFileReference; lastKnownFileType = wrapper.xcdatamodel; path = DreamScape.xcdatamodel; sourceTree = "<group>"; };
		C54E4D891E0F847F005DF00A /* Assets.xcassets */ = {isa = PBXFileReference; lastKnownFileType = folder.assetcatalog; path = Assets.xcassets; sourceTree = "<group>"; };
		C54E4D8C1E0F847F005DF00A /* Base */ = {isa = PBXFileReference; lastKnownFileType = file.storyboard; name = Base; path = Base.lproj/LaunchScreen.storyboard; sourceTree = "<group>"; };
		C54E4D8E1E0F847F005DF00A /* Info.plist */ = {isa = PBXFileReference; lastKnownFileType = text.plist.xml; path = Info.plist; sourceTree = "<group>"; };
		C54E4D951E0F8AA5005DF00A /* SceneKit.framework */ = {isa = PBXFileReference; lastKnownFileType = wrapper.framework; name = SceneKit.framework; path = System/Library/Frameworks/SceneKit.framework; sourceTree = SDKROOT; };
		C54E4D981E0F8C88005DF00A /* ShapeCreatorViewController.swift */ = {isa = PBXFileReference; fileEncoding = 4; lastKnownFileType = sourcecode.swift; path = ShapeCreatorViewController.swift; sourceTree = "<group>"; };
		C54E4D9A1E0F9228005DF00A /* SideSelectorScene.swift */ = {isa = PBXFileReference; fileEncoding = 4; lastKnownFileType = sourcecode.swift; path = SideSelectorScene.swift; sourceTree = "<group>"; };
		C54E4D9C1E0FAABE005DF00A /* CubeAnnotationsModel.swift */ = {isa = PBXFileReference; fileEncoding = 4; lastKnownFileType = sourcecode.swift; path = CubeAnnotationsModel.swift; sourceTree = "<group>"; };
		C54E4D9E1E0FBF48005DF00A /* CanvasEditorViewController.swift */ = {isa = PBXFileReference; fileEncoding = 4; lastKnownFileType = sourcecode.swift; path = CanvasEditorViewController.swift; sourceTree = "<group>"; };
		C54E4DA01E1068BD005DF00A /* CanvasView.swift */ = {isa = PBXFileReference; fileEncoding = 4; lastKnownFileType = sourcecode.swift; path = CanvasView.swift; sourceTree = "<group>"; };
		C55892081E11CF340041D88A /* FinderViewController.swift */ = {isa = PBXFileReference; fileEncoding = 4; lastKnownFileType = sourcecode.swift; path = FinderViewController.swift; sourceTree = "<group>"; };
		C558920A1E11CF450041D88A /* DiscoveryLensViewController.swift */ = {isa = PBXFileReference; fileEncoding = 4; lastKnownFileType = sourcecode.swift; path = DiscoveryLensViewController.swift; sourceTree = "<group>"; };
		C558920C1E11EDEF0041D88A /* TabBarViewController.swift */ = {isa = PBXFileReference; fileEncoding = 4; lastKnownFileType = sourcecode.swift; path = TabBarViewController.swift; sourceTree = "<group>"; };
/* End PBXFileReference section */

/* Begin PBXFrameworksBuildPhase section */
		C54E4D791E0F847F005DF00A /* Frameworks */ = {
			isa = PBXFrameworksBuildPhase;
			buildActionMask = 2147483647;
			files = (
				C54E4D961E0F8AA5005DF00A /* SceneKit.framework in Frameworks */,
			);
			runOnlyForDeploymentPostprocessing = 0;
		};
/* End PBXFrameworksBuildPhase section */

/* Begin PBXGroup section */
		C54E4D731E0F847F005DF00A = {
			isa = PBXGroup;
			children = (
				C54E4D7E1E0F847F005DF00A /* DreamScape */,
				C54E4D7D1E0F847F005DF00A /* Products */,
				C54E4D941E0F8AA5005DF00A /* Frameworks */,
			);
			sourceTree = "<group>";
		};
		C54E4D7D1E0F847F005DF00A /* Products */ = {
			isa = PBXGroup;
			children = (
				C54E4D7C1E0F847F005DF00A /* DreamScape.app */,
			);
			name = Products;
			sourceTree = "<group>";
		};
		C54E4D7E1E0F847F005DF00A /* DreamScape */ = {
			isa = PBXGroup;
			children = (
				C558920E1E11EEA70041D88A /* General Architecture */,
				C55892071E11CEF40041D88A /* Finder */,
				C55892061E11CED60041D88A /* Discovery Lens */,
				C55892051E11CEBB0041D88A /* Canvas Editor */,
				C54E4D971E0F8AC3005DF00A /* Supporting Files */,
				C54E4D831E0F847F005DF00A /* Main.storyboard */,
			);
			path = DreamScape;
			sourceTree = "<group>";
		};
		C54E4D941E0F8AA5005DF00A /* Frameworks */ = {
			isa = PBXGroup;
			children = (
				C54E4D951E0F8AA5005DF00A /* SceneKit.framework */,
			);
			name = Frameworks;
			sourceTree = "<group>";
		};
		C54E4D971E0F8AC3005DF00A /* Supporting Files */ = {
			isa = PBXGroup;
			children = (
				C54E4D861E0F847F005DF00A /* DreamScape.xcdatamodeld */,
				C54E4D8E1E0F847F005DF00A /* Info.plist */,
				C54E4D891E0F847F005DF00A /* Assets.xcassets */,
				C54E4D8B1E0F847F005DF00A /* LaunchScreen.storyboard */,
				C54E4D7F1E0F847F005DF00A /* AppDelegate.swift */,
			);
			name = "Supporting Files";
			sourceTree = "<group>";
		};
		C55892051E11CEBB0041D88A /* Canvas Editor */ = {
			isa = PBXGroup;
			children = (
				C54E4D981E0F8C88005DF00A /* ShapeCreatorViewController.swift */,
				C54E4D9A1E0F9228005DF00A /* SideSelectorScene.swift */,
				C54E4D9C1E0FAABE005DF00A /* CubeAnnotationsModel.swift */,
				C54E4D9E1E0FBF48005DF00A /* CanvasEditorViewController.swift */,
				C54E4DA01E1068BD005DF00A /* CanvasView.swift */,
			);
			name = "Canvas Editor";
			sourceTree = "<group>";
		};
		C55892061E11CED60041D88A /* Discovery Lens */ = {
			isa = PBXGroup;
			children = (
				C558920A1E11CF450041D88A /* DiscoveryLensViewController.swift */,
			);
			name = "Discovery Lens";
			sourceTree = "<group>";
		};
		C55892071E11CEF40041D88A /* Finder */ = {
			isa = PBXGroup;
			children = (
				C55892081E11CF340041D88A /* FinderViewController.swift */,
			);
			name = Finder;
			sourceTree = "<group>";
		};
		C558920E1E11EEA70041D88A /* General Architecture */ = {
			isa = PBXGroup;
			children = (
				C558920C1E11EDEF0041D88A /* TabBarViewController.swift */,
			);
			name = "General Architecture";
			sourceTree = "<group>";
		};
/* End PBXGroup section */

/* Begin PBXNativeTarget section */
		C54E4D7B1E0F847F005DF00A /* DreamScape */ = {
			isa = PBXNativeTarget;
			buildConfigurationList = C54E4D911E0F847F005DF00A /* Build configuration list for PBXNativeTarget "DreamScape" */;
			buildPhases = (
				C54E4D781E0F847F005DF00A /* Sources */,
				C54E4D791E0F847F005DF00A /* Frameworks */,
				C54E4D7A1E0F847F005DF00A /* Resources */,
			);
			buildRules = (
			);
			dependencies = (
			);
			name = DreamScape;
			productName = DreamScape;
			productReference = C54E4D7C1E0F847F005DF00A /* DreamScape.app */;
			productType = "com.apple.product-type.application";
		};
/* End PBXNativeTarget section */

/* Begin PBXProject section */
		C54E4D741E0F847F005DF00A /* Project object */ = {
			isa = PBXProject;
			attributes = {
				LastSwiftUpdateCheck = 0820;
				LastUpgradeCheck = 0820;
				ORGANIZATIONNAME = Morgan;
				TargetAttributes = {
					C54E4D7B1E0F847F005DF00A = {
						CreatedOnToolsVersion = 8.2.1;
						DevelopmentTeam = BYRK5RUS4U;
						ProvisioningStyle = Automatic;
					};
				};
			};
			buildConfigurationList = C54E4D771E0F847F005DF00A /* Build configuration list for PBXProject "DreamScape" */;
			compatibilityVersion = "Xcode 3.2";
			developmentRegion = English;
			hasScannedForEncodings = 0;
			knownRegions = (
				en,
				Base,
			);
			mainGroup = C54E4D731E0F847F005DF00A;
			productRefGroup = C54E4D7D1E0F847F005DF00A /* Products */;
			projectDirPath = "";
			projectRoot = "";
			targets = (
				C54E4D7B1E0F847F005DF00A /* DreamScape */,
			);
		};
/* End PBXProject section */

/* Begin PBXResourcesBuildPhase section */
		C54E4D7A1E0F847F005DF00A /* Resources */ = {
			isa = PBXResourcesBuildPhase;
			buildActionMask = 2147483647;
			files = (
				C54E4D8D1E0F847F005DF00A /* LaunchScreen.storyboard in Resources */,
				C54E4D8A1E0F847F005DF00A /* Assets.xcassets in Resources */,
				C54E4D851E0F847F005DF00A /* Main.storyboard in Resources */,
			);
			runOnlyForDeploymentPostprocessing = 0;
		};
/* End PBXResourcesBuildPhase section */

/* Begin PBXSourcesBuildPhase section */
		C54E4D781E0F847F005DF00A /* Sources */ = {
			isa = PBXSourcesBuildPhase;
			buildActionMask = 2147483647;
			files = (
				C54E4D991E0F8C88005DF00A /* ShapeCreatorViewController.swift in Sources */,
				C54E4DA11E1068BD005DF00A /* CanvasView.swift in Sources */,
				C54E4D801E0F847F005DF00A /* AppDelegate.swift in Sources */,
				C54E4D9F1E0FBF48005DF00A /* CanvasEditorViewController.swift in Sources */,
				C55892091E11CF340041D88A /* FinderViewController.swift in Sources */,
				C54E4D9D1E0FAABE005DF00A /* CubeAnnotationsModel.swift in Sources */,
				C558920B1E11CF450041D88A /* DiscoveryLensViewController.swift in Sources */,
				C54E4D9B1E0F9228005DF00A /* SideSelectorScene.swift in Sources */,
				C558920D1E11EDEF0041D88A /* TabBarViewController.swift in Sources */,
				C54E4D881E0F847F005DF00A /* DreamScape.xcdatamodeld in Sources */,
			);
			runOnlyForDeploymentPostprocessing = 0;
		};
/* End PBXSourcesBuildPhase section */

/* Begin PBXVariantGroup section */
		C54E4D831E0F847F005DF00A /* Main.storyboard */ = {
			isa = PBXVariantGroup;
			children = (
				C54E4D841E0F847F005DF00A /* Base */,
			);
			name = Main.storyboard;
			sourceTree = "<group>";
		};
		C54E4D8B1E0F847F005DF00A /* LaunchScreen.storyboard */ = {
			isa = PBXVariantGroup;
			children = (
				C54E4D8C1E0F847F005DF00A /* Base */,
			);
			name = LaunchScreen.storyboard;
			sourceTree = "<group>";
		};
/* End PBXVariantGroup section */

/* Begin XCBuildConfiguration section */
		C54E4D8F1E0F847F005DF00A /* Debug */ = {
			isa = XCBuildConfiguration;
			buildSettings = {
				ALWAYS_SEARCH_USER_PATHS = NO;
				CLANG_ANALYZER_NONNULL = YES;
				CLANG_CXX_LANGUAGE_STANDARD = "gnu++0x";
				CLANG_CXX_LIBRARY = "libc++";
				CLANG_ENABLE_MODULES = YES;
				CLANG_ENABLE_OBJC_ARC = YES;
				CLANG_WARN_BOOL_CONVERSION = YES;
				CLANG_WARN_CONSTANT_CONVERSION = YES;
				CLANG_WARN_DIRECT_OBJC_ISA_USAGE = YES_ERROR;
				CLANG_WARN_DOCUMENTATION_COMMENTS = YES;
				CLANG_WARN_EMPTY_BODY = YES;
				CLANG_WARN_ENUM_CONVERSION = YES;
				CLANG_WARN_INFINITE_RECURSION = YES;
				CLANG_WARN_INT_CONVERSION = YES;
				CLANG_WARN_OBJC_ROOT_CLASS = YES_ERROR;
				CLANG_WARN_SUSPICIOUS_MOVE = YES;
				CLANG_WARN_UNREACHABLE_CODE = YES;
				CLANG_WARN__DUPLICATE_METHOD_MATCH = YES;
				"CODE_SIGN_IDENTITY[sdk=iphoneos*]" = "iPhone Developer";
				COPY_PHASE_STRIP = NO;
				DEBUG_INFORMATION_FORMAT = dwarf;
				ENABLE_STRICT_OBJC_MSGSEND = YES;
				ENABLE_TESTABILITY = YES;
				GCC_C_LANGUAGE_STANDARD = gnu99;
				GCC_DYNAMIC_NO_PIC = NO;
				GCC_NO_COMMON_BLOCKS = YES;
				GCC_OPTIMIZATION_LEVEL = 0;
				GCC_PREPROCESSOR_DEFINITIONS = (
					"DEBUG=1",
					"$(inherited)",
				);
				GCC_WARN_64_TO_32_BIT_CONVERSION = YES;
				GCC_WARN_ABOUT_RETURN_TYPE = YES_ERROR;
				GCC_WARN_UNDECLARED_SELECTOR = YES;
				GCC_WARN_UNINITIALIZED_AUTOS = YES_AGGRESSIVE;
				GCC_WARN_UNUSED_FUNCTION = YES;
				GCC_WARN_UNUSED_VARIABLE = YES;
				IPHONEOS_DEPLOYMENT_TARGET = 10.2;
				MTL_ENABLE_DEBUG_INFO = YES;
				ONLY_ACTIVE_ARCH = YES;
				SDKROOT = iphoneos;
				SWIFT_ACTIVE_COMPILATION_CONDITIONS = DEBUG;
				SWIFT_OPTIMIZATION_LEVEL = "-Onone";
				TARGETED_DEVICE_FAMILY = "1,2";
			};
			name = Debug;
		};
		C54E4D901E0F847F005DF00A /* Release */ = {
			isa = XCBuildConfiguration;
			buildSettings = {
				ALWAYS_SEARCH_USER_PATHS = NO;
				CLANG_ANALYZER_NONNULL = YES;
				CLANG_CXX_LANGUAGE_STANDARD = "gnu++0x";
				CLANG_CXX_LIBRARY = "libc++";
				CLANG_ENABLE_MODULES = YES;
				CLANG_ENABLE_OBJC_ARC = YES;
				CLANG_WARN_BOOL_CONVERSION = YES;
				CLANG_WARN_CONSTANT_CONVERSION = YES;
				CLANG_WARN_DIRECT_OBJC_ISA_USAGE = YES_ERROR;
				CLANG_WARN_DOCUMENTATION_COMMENTS = YES;
				CLANG_WARN_EMPTY_BODY = YES;
				CLANG_WARN_ENUM_CONVERSION = YES;
				CLANG_WARN_INFINITE_RECURSION = YES;
				CLANG_WARN_INT_CONVERSION = YES;
				CLANG_WARN_OBJC_ROOT_CLASS = YES_ERROR;
				CLANG_WARN_SUSPICIOUS_MOVE = YES;
				CLANG_WARN_UNREACHABLE_CODE = YES;
				CLANG_WARN__DUPLICATE_METHOD_MATCH = YES;
				"CODE_SIGN_IDENTITY[sdk=iphoneos*]" = "iPhone Developer";
				COPY_PHASE_STRIP = NO;
				DEBUG_INFORMATION_FORMAT = "dwarf-with-dsym";
				ENABLE_NS_ASSERTIONS = NO;
				ENABLE_STRICT_OBJC_MSGSEND = YES;
				GCC_C_LANGUAGE_STANDARD = gnu99;
				GCC_NO_COMMON_BLOCKS = YES;
				GCC_WARN_64_TO_32_BIT_CONVERSION = YES;
				GCC_WARN_ABOUT_RETURN_TYPE = YES_ERROR;
				GCC_WARN_UNDECLARED_SELECTOR = YES;
				GCC_WARN_UNINITIALIZED_AUTOS = YES_AGGRESSIVE;
				GCC_WARN_UNUSED_FUNCTION = YES;
				GCC_WARN_UNUSED_VARIABLE = YES;
				IPHONEOS_DEPLOYMENT_TARGET = 10.2;
				MTL_ENABLE_DEBUG_INFO = NO;
				SDKROOT = iphoneos;
				SWIFT_OPTIMIZATION_LEVEL = "-Owholemodule";
				TARGETED_DEVICE_FAMILY = "1,2";
				VALIDATE_PRODUCT = YES;
			};
			name = Release;
		};
		C54E4D921E0F847F005DF00A /* Debug */ = {
			isa = XCBuildConfiguration;
			buildSettings = {
				ASSETCATALOG_COMPILER_APPICON_NAME = AppIcon;
				DEVELOPMENT_TEAM = BYRK5RUS4U;
				INFOPLIST_FILE = DreamScape/Info.plist;
				LD_RUNPATH_SEARCH_PATHS = "$(inherited) @executable_path/Frameworks";
				PRODUCT_BUNDLE_IDENTIFIER = Morgan.DreamScape;
				PRODUCT_NAME = "$(TARGET_NAME)";
				SWIFT_VERSION = 3.0;
			};
			name = Debug;
		};
		C54E4D931E0F847F005DF00A /* Release */ = {
			isa = XCBuildConfiguration;
			buildSettings = {
				ASSETCATALOG_COMPILER_APPICON_NAME = AppIcon;
				DEVELOPMENT_TEAM = BYRK5RUS4U;
				INFOPLIST_FILE = DreamScape/Info.plist;
				LD_RUNPATH_SEARCH_PATHS = "$(inherited) @executable_path/Frameworks";
				PRODUCT_BUNDLE_IDENTIFIER = Morgan.DreamScape;
				PRODUCT_NAME = "$(TARGET_NAME)";
				SWIFT_VERSION = 3.0;
			};
			name = Release;
		};
/* End XCBuildConfiguration section */

/* Begin XCConfigurationList section */
		C54E4D771E0F847F005DF00A /* Build configuration list for PBXProject "DreamScape" */ = {
			isa = XCConfigurationList;
			buildConfigurations = (
				C54E4D8F1E0F847F005DF00A /* Debug */,
				C54E4D901E0F847F005DF00A /* Release */,
			);
			defaultConfigurationIsVisible = 0;
			defaultConfigurationName = Release;
		};
		C54E4D911E0F847F005DF00A /* Build configuration list for PBXNativeTarget "DreamScape" */ = {
			isa = XCConfigurationList;
			buildConfigurations = (
				C54E4D921E0F847F005DF00A /* Debug */,
				C54E4D931E0F847F005DF00A /* Release */,
			);
			defaultConfigurationIsVisible = 0;
			defaultConfigurationName = Release;
		};
/* End XCConfigurationList section */

/* Begin XCVersionGroup section */
		C54E4D861E0F847F005DF00A /* DreamScape.xcdatamodeld */ = {
			isa = XCVersionGroup;
			children = (
				C54E4D871E0F847F005DF00A /* DreamScape.xcdatamodel */,
			);
			currentVersion = C54E4D871E0F847F005DF00A /* DreamScape.xcdatamodel */;
			path = DreamScape.xcdatamodeld;
			sourceTree = "<group>";
			versionGroupType = wrapper.xcdatamodel;
		};
/* End XCVersionGroup section */
	};
	rootObject = C54E4D741E0F847F005DF00A /* Project object */;
}
